{
  "version": "2",
  "remote": {
    "https://deno.land/std@0.177.0/_util/asserts.ts": "178dfc49a464aee693a7e285567b3d0b555dc805ff490505a8aae34f9cfb1462",
    "https://deno.land/std@0.177.0/_util/os.ts": "d932f56d41e4f6a6093d56044e29ce637f8dcc43c5a90af43504a889cf1775e3",
    "https://deno.land/std@0.177.0/bytes/index_of_needle.ts": "65c939607df609374c4415598fa4dad04a2f14c4d98cd15775216f0aaf597f24",
    "https://deno.land/std@0.177.0/encoding/base64.ts": "7de04c2f8aeeb41453b09b186480be90f2ff357613b988e99fabb91d2eeceba1",
    "https://deno.land/std@0.177.0/encoding/base64url.ts": "3f1178f6446834457b16bfde8b559c1cd3481727fe384d3385e4a9995dc2d851",
    "https://deno.land/std@0.177.0/node/_core.ts": "9a58c0ef98ee77e9b8fcc405511d1b37a003a705eb6a9b6e95f75434d8009adc",
    "https://deno.land/std@0.177.0/node/_utils.ts": "7fd55872a0cf9275e3c080a60e2fa6d45b8de9e956ebcde9053e72a344185884",
    "https://deno.land/std@0.177.0/node/buffer.ts": "85617be2063eccaf177dbb84c7580d1e32023724ed14bd9df4e453b152a26167",
    "https://deno.land/std@0.177.0/node/internal/buffer.d.ts": "bdfa991cd88cb02fd08bf8235d2618550e3e511c970b2a8f2e1a6885a2793cac",
    "https://deno.land/std@0.177.0/node/internal/buffer.mjs": "e92303a3cc6d9aaabcd270a937ad9319825d9ba08cb332650944df4562029b27",
    "https://deno.land/std@0.177.0/node/internal/crypto/_keys.ts": "8f3c3b5a141aa0331a53c205e9338655f1b3b307a08085fd6ff6dda6f7c4190b",
    "https://deno.land/std@0.177.0/node/internal/crypto/constants.ts": "544d605703053218499b08214f2e25cf4310651d535b7ab995891c4b7a217693",
    "https://deno.land/std@0.177.0/node/internal/error_codes.ts": "8495e33f448a484518d76fa3d41d34fc20fe03c14b30130ad8e936b0035d4b8b",
    "https://deno.land/std@0.177.0/node/internal/errors.ts": "1c699b8a3cb93174f697a348c004b1c6d576b66688eac8a48ebb78e65c720aae",
    "https://deno.land/std@0.177.0/node/internal/hide_stack_frames.ts": "9dd1bad0a6e62a1042ce3a51eb1b1ecee2f246907bff44835f86e8f021de679a",
    "https://deno.land/std@0.177.0/node/internal/normalize_encoding.mjs": "fd1d9df61c44d7196432f6e8244621468715131d18cc79cd299fc78ac549f707",
    "https://deno.land/std@0.177.0/node/internal/primordials.mjs": "a72d86b5aa55d3d50b8e916b6a59b7cc0dc5a31da8937114b4a113ad5aa08c74",
    "https://deno.land/std@0.177.0/node/internal/util.mjs": "f7fe2e1ca5e66f550ad0856b9f5ee4d666f0c071fe212ea7fc7f37cfa81f97a5",
    "https://deno.land/std@0.177.0/node/internal/util/inspect.mjs": "11d7c9cab514b8e485acc3978c74b837263ff9c08ae4537fa18ad56bae633259",
    "https://deno.land/std@0.177.0/node/internal/util/types.ts": "0e587b44ec5e017cf228589fc5ce9983b75beece6c39409c34170cfad49d6417",
    "https://deno.land/std@0.177.0/node/internal/validators.mjs": "e02f2b02dd072a5d623970292588d541204dc82207b4c58985d933a5f4b382e6",
    "https://deno.land/std@0.177.0/node/internal_binding/_libuv_winerror.ts": "30c9569603d4b97a1f1a034d88a3f74800d5ea1f12fcc3d225c9899d4e1a518b",
    "https://deno.land/std@0.177.0/node/internal_binding/_node.ts": "cb2389b0eab121df99853eb6a5e3a684e4537e065fb8bf2cca0cbf219ce4e32e",
    "https://deno.land/std@0.177.0/node/internal_binding/_utils.ts": "7c58a2fbb031a204dee9583ba211cf9c67922112fe77e7f0b3226112469e9fe1",
    "https://deno.land/std@0.177.0/node/internal_binding/_winerror.ts": "3e8cfdfe22e89f13d2b28529bab35155e6b1730c0221ec5a6fc7077dc037be13",
    "https://deno.land/std@0.177.0/node/internal_binding/buffer.ts": "31729e0537921d6c730ad0afea44a7e8a0a1044d070ade8368226cb6f7390c8b",
    "https://deno.land/std@0.177.0/node/internal_binding/constants.ts": "21ff9d1ee71d0a2086541083a7711842fc6ae25e264dbf45c73815aadce06f4c",
    "https://deno.land/std@0.177.0/node/internal_binding/string_decoder.ts": "54c3c1cbd5a9254881be58bf22637965dc69535483014dab60487e299cb95445",
    "https://deno.land/std@0.177.0/node/internal_binding/types.ts": "2187595a58d2cf0134f4db6cc2a12bf777f452f52b15b6c3aed73fa072aa5fc3",
    "https://deno.land/std@0.177.0/node/internal_binding/util.ts": "808ff3b92740284184ab824adfc420e75398c88c8bccf5111f0c24ac18c48f10",
    "https://deno.land/std@0.177.0/node/internal_binding/uv.ts": "eb0048e30af4db407fb3f95563e30d70efd6187051c033713b0a5b768593a3a3",
    "https://deno.land/std@0.182.0/async/abortable.ts": "fd682fa46f3b7b16b4606a5ab52a7ce309434b76f820d3221bdfb862719a15d7",
    "https://deno.land/std@0.182.0/async/deadline.ts": "c5facb0b404eede83e38bd2717ea8ab34faa2ffb20ef87fd261fcba32ba307aa",
    "https://deno.land/std@0.182.0/async/debounce.ts": "adab11d04ca38d699444ac8a9d9856b4155e8dda2afd07ce78276c01ea5a4332",
    "https://deno.land/std@0.182.0/async/deferred.ts": "42790112f36a75a57db4a96d33974a936deb7b04d25c6084a9fa8a49f135def8",
    "https://deno.land/std@0.182.0/async/delay.ts": "73aa04cec034c84fc748c7be49bb15cac3dd43a57174bfdb7a4aec22c248f0dd",
    "https://deno.land/std@0.182.0/async/mod.ts": "f04344fa21738e5ad6bea37a6bfffd57c617c2d372bb9f9dcfd118a1b622e576",
    "https://deno.land/std@0.182.0/async/mux_async_iterator.ts": "70c7f2ee4e9466161350473ad61cac0b9f115cff4c552eaa7ef9d50c4cbb4cc9",
    "https://deno.land/std@0.182.0/async/pool.ts": "fd082bd4aaf26445909889435a5c74334c017847842ec035739b4ae637ae8260",
    "https://deno.land/std@0.182.0/async/retry.ts": "dd19d93033d8eaddbfcb7654c0366e9d3b0a21448bdb06eba4a7d8a8cf936a92",
    "https://deno.land/std@0.182.0/async/tee.ts": "47e42d35f622650b02234d43803d0383a89eb4387e1b83b5a40106d18ae36757",
    "https://deno.land/std@0.182.0/http/server.ts": "cbb17b594651215ba95c01a395700684e569c165a567e4e04bba327f41197433",
    "https://deno.land/x/fresh_charts@0.2.1/core.ts": "356daf0aeb63b6528e3248b602f4c2ac2808fb4fd9e38c953a57d54625a597d4",
    "https://deno.land/x/fresh_charts@0.2.1/deps.ts": "b7244133cec20cca47b859e78623778f65fb6fd8e47a909b0d61b181fe5c9729",
    "https://deno.land/x/fresh_charts@0.2.1/render.ts": "972e90ec4e61e3354164a5f9df1731f7bad3e29b2834ceb2b667d6935ea98b69",
    "https://deno.land/x/fresh_charts@0.2.1/utils.ts": "1196ddc8b805ddce9978a8ec1f12a4466cc781ebcec70991609c90ac50460cd2",
    "https://esm.sh/stable/@kurkle/color@0.3.1": "2d3f9dd880b245c2ace059de3ada6fcec11ed85295492f4e88fcb02f15d150e6",
    "https://esm.sh/stable/chart.js@4.0.1/auto": "dfbaf42ab4574f85684fa82f4cabd88705a1291cd396101e128c3f7022bb23d1",
    "https://esm.sh/stable/red-agate-svg-canvas@0.5.0": "ba4543d88204cf6b56f6724518bc69588f314f9b9afbcb1af143e09cc4a92ab6",
    "https://esm.sh/v112/@kurkle/color@0.3.1/deno/color.mjs": "f08fc41fc1cc09db16d4e65436844f5cbe1bebe14408e501872fe992e2111cd7",
    "https://esm.sh/v112/@kurkle/color@0.3.1/dist/color.d.ts": "2d036d19b2b90a62898cc73f0e339cfa09e93014499cc95de58193fbe464eecf",
    "https://esm.sh/v112/chart.js@4.0.1/auto/auto.d.ts": "45d9dfe26d91cf21e820c7263028e2cc48c4f24b48fab2e40cfc33d8072eafa1",
    "https://esm.sh/v112/chart.js@4.0.1/deno/auto.js": "628c2962044c681da6586709b248f113aa148e750bf7202fb13ce254b1931ac3",
    "https://esm.sh/v112/chart.js@4.0.1/dist/chunks/helpers.core.d.ts": "aa16b7d7edd51d5aeca0bf9b2846fb254cb5b56995472b98d604d9aaadfd112c",
    "https://esm.sh/v112/chart.js@4.0.1/dist/types.d.ts": "bde0dcfc5c8383c9615c6fe9311e4892c8cf0d94e09b9ece2a99618ae022f245",
    "https://esm.sh/v112/red-agate-svg-canvas@0.5.0/bin/drawing/canvas/SvgCanvas.d.ts": "b58ff9f0185a078292f6b479ac02a835fc590cd5292b54c06c2f5d8f1be551e8",
    "https://esm.sh/v112/red-agate-svg-canvas@0.5.0/bin/drawing/canvas/TransferMatrix2D.d.ts": "3c1a9f266bc2d853837f9da8166342220287fe9830c3d251c0c76bd9954eee27",
    "https://esm.sh/v112/red-agate-svg-canvas@0.5.0/bin/drawing/canvas/VectorCanvas2D.d.ts": "bdb53a730bba8b2fb9919bfb695438246c5f3b3d113140449aac74f58adc24b6",
    "https://esm.sh/v112/red-agate-svg-canvas@0.5.0/bin/drawing/canvas/WebColor.d.ts": "a039f36bb5aa5b9e2adea502931ca30e9c95bcb427df1636b0d648cec382e6ec",
    "https://esm.sh/v112/red-agate-svg-canvas@0.5.0/bin/index.d.ts": "fab71b27890e69cd7e9fc47c90232a0752d28043997f4fad08d49fae4bac5837",
    "https://esm.sh/v112/red-agate-svg-canvas@0.5.0/deno/red-agate-svg-canvas.mjs": "5754ff1be704242bee2061b0ee7517aa4200b7db3f7d8c93014431c1658d3f91",
    "https://esm.sh/v112/red-agate-util@0.5.0/deno/modules/convert/Base64.js": "f2ff49b12096933b59ddc97ece489177571c05f842cc5e46a357a2273b5f8850",
    "https://esm.sh/v112/red-agate-util@0.5.0/deno/modules/convert/Escape.js": "00c8ca95e48acd20ce128ff1e80a35333fc68cda19e8a4b783c8ced6da728a51",
    "https://esm.sh/v112/red-agate-util@0.5.0/deno/modules/convert/NumberPrecision.js": "2d7455fffd4397ac77a29bfa56c62f86f14b26b23d4d48042f327a0aef81e590",
    "https://esm.sh/v112/red-agate-util@0.5.0/deno/modules/convert/TextEncoding.js": "19e2c0042b3af843e41ff0dae32a8b07ae13e87df8c0b2ea15a8a0ee53aaef3b",
    "https://esm.sh/v112/red-agate-util@0.5.0/deno/modules/convert/WordWrap.js": "7624f9a02c992297d34e1bc112225890c41caf667492a9d4dcd594d98829a0aa"
  }
}
