{
  "version": "2",
  "remote": {
    "https://deno.land/std@0.170.0/_util/asserts.ts": "d0844e9b62510f89ce1f9878b046f6a57bf88f208a10304aab50efcb48365272",
    "https://deno.land/std@0.170.0/_util/os.ts": "8a33345f74990e627b9dfe2de9b040004b08ea5146c7c9e8fe9a29070d193934",
    "https://deno.land/std@0.170.0/bytes/index_of_needle.ts": "19db73583cf6e038ca7763dd9fe9b9f2733ffa8be530d7b42f52bc9f3c2ee989",
    "https://deno.land/std@0.170.0/encoding/base64.ts": "8605e018e49211efc767686f6f687827d7f5fd5217163e981d8d693105640d7a",
    "https://deno.land/std@0.170.0/encoding/base64url.ts": "0283b12fcd306c11e3cf26fc022fecc800c6acc19704ea8bdb3908898fcd06d6",
    "https://deno.land/std@0.170.0/node/_core.ts": "92e000441742387f7ded7cc582ca4089c0bc13aa5f00cecdfa4876dc832dfd10",
    "https://deno.land/std@0.170.0/node/_utils.ts": "1085a229e910b3a6672f3c3be05507591811dc67be2ae2188e9fc9ef4376b172",
    "https://deno.land/std@0.170.0/node/buffer.ts": "43f07b2d1523345bf35b7deb7fcdad6e916020a631a7bc1b5efcaff556db4e1d",
    "https://deno.land/std@0.170.0/node/internal/buffer.d.ts": "90f674081428a61978b6d481c5f557ff743a3f4a85d7ae113caab48fdf5b8a63",
    "https://deno.land/std@0.170.0/node/internal/buffer.mjs": "50320a6bcf770f03428e77e5ba46b19f69842539c6493b89c6515ba1b0def6ee",
    "https://deno.land/std@0.170.0/node/internal/crypto/_keys.ts": "63229ff3d8d15b5bd0a1d2ebc19313cbb8ac969875bf16df1ce4f2b497d74fb5",
    "https://deno.land/std@0.170.0/node/internal/crypto/constants.ts": "d2c8821977aef55e4d66414d623c24a2447791a8b49b6404b8db32d81e20c315",
    "https://deno.land/std@0.170.0/node/internal/error_codes.ts": "ac03c4eae33de3a69d6c98e8678003207eecf75a6900eb847e3fea3c8c9e6d8f",
    "https://deno.land/std@0.170.0/node/internal/errors.ts": "b9aec7d1fe3eaf21322d0ea9dc2fcb344055d6b0c7a1bd0f62a0c379a5baa799",
    "https://deno.land/std@0.170.0/node/internal/hide_stack_frames.ts": "a91962ec84610bc7ec86022c4593cdf688156a5910c07b5bcd71994225c13a03",
    "https://deno.land/std@0.170.0/node/internal/normalize_encoding.mjs": "3779ec8a7adf5d963b0224f9b85d1bc974a2ec2db0e858396b5d3c2c92138a0a",
    "https://deno.land/std@0.170.0/node/internal/primordials.mjs": "7cf5afe471583e4a384eeea109bdff276b6b7f3a3af830f99f951fb7d57ef423",
    "https://deno.land/std@0.170.0/node/internal/util.mjs": "35d24fb775468cd24443bcf0ec68904b8aa44e5b53845491a5e3382421917f9a",
    "https://deno.land/std@0.170.0/node/internal/util/inspect.mjs": "1ddace0c97719d2cc0869ba177d375e96051301352ec235cbfb2ecbfcd4e8fba",
    "https://deno.land/std@0.170.0/node/internal/util/types.ts": "5b15a8051a6e58b6c1a424e0e7137b77b0ef60409d54d05db22a97e0d1d5b589",
    "https://deno.land/std@0.170.0/node/internal/validators.mjs": "67deae0f488d013c8bf485742a5478112b8e48837cb2458c4a8b2669cf7017db",
    "https://deno.land/std@0.170.0/node/internal_binding/_libuv_winerror.ts": "801e05c2742ae6cd42a5f0fd555a255a7308a65732551e962e5345f55eedc519",
    "https://deno.land/std@0.170.0/node/internal_binding/_node.ts": "e4075ba8a37aef4eb5b592c8e3807c39cb49ca8653faf8e01a43421938076c1b",
    "https://deno.land/std@0.170.0/node/internal_binding/_utils.ts": "1c50883b5751a9ea1b38951e62ed63bacfdc9d69ea665292edfa28e1b1c5bd94",
    "https://deno.land/std@0.170.0/node/internal_binding/_winerror.ts": "8811d4be66f918c165370b619259c1f35e8c3e458b8539db64c704fbde0a7cd2",
    "https://deno.land/std@0.170.0/node/internal_binding/buffer.ts": "dfba9e1a50b637cfd72e569aa11959dcaf626b898ab7e851d21526a2bdaec588",
    "https://deno.land/std@0.170.0/node/internal_binding/constants.ts": "1ad4de9f76733320527c8bc841b5e4dd5869424924384157a72f3b171bd05b08",
    "https://deno.land/std@0.170.0/node/internal_binding/string_decoder.ts": "5cb1863763d1e9b458bc21d6f976f16d9c18b3b3f57eaf0ade120aee38fba227",
    "https://deno.land/std@0.170.0/node/internal_binding/types.ts": "69000b1b92e0ca999c737f5add38827742b3ca3fe37a2389c80290de0ae6ef01",
    "https://deno.land/std@0.170.0/node/internal_binding/util.ts": "faf5146c3cc3b2d6c26026a818b4a16e91488ab26e63c069f36ba3c3ae24c97b",
    "https://deno.land/std@0.170.0/node/internal_binding/uv.ts": "27922aaec43de314afd99dfca1ce8f4d51ced9f5195e4917b54d387766404f61",
    "https://deno.land/std@0.184.0/async/abortable.ts": "fd682fa46f3b7b16b4606a5ab52a7ce309434b76f820d3221bdfb862719a15d7",
    "https://deno.land/std@0.184.0/async/deadline.ts": "c5facb0b404eede83e38bd2717ea8ab34faa2ffb20ef87fd261fcba32ba307aa",
    "https://deno.land/std@0.184.0/async/debounce.ts": "adab11d04ca38d699444ac8a9d9856b4155e8dda2afd07ce78276c01ea5a4332",
    "https://deno.land/std@0.184.0/async/deferred.ts": "42790112f36a75a57db4a96d33974a936deb7b04d25c6084a9fa8a49f135def8",
    "https://deno.land/std@0.184.0/async/delay.ts": "73aa04cec034c84fc748c7be49bb15cac3dd43a57174bfdb7a4aec22c248f0dd",
    "https://deno.land/std@0.184.0/async/mod.ts": "f04344fa21738e5ad6bea37a6bfffd57c617c2d372bb9f9dcfd118a1b622e576",
    "https://deno.land/std@0.184.0/async/mux_async_iterator.ts": "70c7f2ee4e9466161350473ad61cac0b9f115cff4c552eaa7ef9d50c4cbb4cc9",
    "https://deno.land/std@0.184.0/async/pool.ts": "fd082bd4aaf26445909889435a5c74334c017847842ec035739b4ae637ae8260",
    "https://deno.land/std@0.184.0/async/retry.ts": "dd19d93033d8eaddbfcb7654c0366e9d3b0a21448bdb06eba4a7d8a8cf936a92",
    "https://deno.land/std@0.184.0/async/tee.ts": "47e42d35f622650b02234d43803d0383a89eb4387e1b83b5a40106d18ae36757",
    "https://deno.land/std@0.184.0/http/server.ts": "cbb17b594651215ba95c01a395700684e569c165a567e4e04bba327f41197433",
    "https://deno.land/x/fresh_charts@0.2.1/core.ts": "356daf0aeb63b6528e3248b602f4c2ac2808fb4fd9e38c953a57d54625a597d4",
    "https://deno.land/x/fresh_charts@0.2.1/deps.ts": "b7244133cec20cca47b859e78623778f65fb6fd8e47a909b0d61b181fe5c9729",
    "https://deno.land/x/fresh_charts@0.2.1/render.ts": "972e90ec4e61e3354164a5f9df1731f7bad3e29b2834ceb2b667d6935ea98b69",
    "https://deno.land/x/fresh_charts@0.2.1/utils.ts": "1196ddc8b805ddce9978a8ec1f12a4466cc781ebcec70991609c90ac50460cd2",
    "https://esm.sh/stable/@kurkle/color@0.3.1": "9ce08796094c2c949137d02dd6982fba11c76c1c6a91a33005fb173031c560bf",
    "https://esm.sh/stable/chart.js@4.0.1/auto": "4b7f6a79d97fed243b175c5beaa45b05138f3e57cd3aa14741b40ef709dccaeb",
    "https://esm.sh/stable/red-agate-svg-canvas@0.5.0": "47c0c90cb348124858cbdc5092263868457ef0e39805f3235d25b918c4f4c096",
    "https://esm.sh/v102/@kurkle/color@0.3.1/deno/color.js": "c06caae42b127eb11146a1c1840f48a64d02019e4daa4b62cc260cfba36d6e8d",
    "https://esm.sh/v102/@kurkle/color@0.3.1/dist/color.d.ts": "2d036d19b2b90a62898cc73f0e339cfa09e93014499cc95de58193fbe464eecf",
    "https://esm.sh/v102/chart.js@4.0.1/auto/auto.d.ts": "45d9dfe26d91cf21e820c7263028e2cc48c4f24b48fab2e40cfc33d8072eafa1",
    "https://esm.sh/v102/chart.js@4.0.1/deno/auto.js": "3f38e2927df929748332cca88602887b4cb4463edaca41c601a2c5e3cc83e018",
    "https://esm.sh/v102/chart.js@4.0.1/dist/chunks/helpers.core.d.ts": "aa16b7d7edd51d5aeca0bf9b2846fb254cb5b56995472b98d604d9aaadfd112c",
    "https://esm.sh/v102/chart.js@4.0.1/dist/types.d.ts": "bde0dcfc5c8383c9615c6fe9311e4892c8cf0d94e09b9ece2a99618ae022f245",
    "https://esm.sh/v102/red-agate-svg-canvas@0.5.0/bin/drawing/canvas/SvgCanvas.d.ts": "b58ff9f0185a078292f6b479ac02a835fc590cd5292b54c06c2f5d8f1be551e8",
    "https://esm.sh/v102/red-agate-svg-canvas@0.5.0/bin/drawing/canvas/TransferMatrix2D.d.ts": "3c1a9f266bc2d853837f9da8166342220287fe9830c3d251c0c76bd9954eee27",
    "https://esm.sh/v102/red-agate-svg-canvas@0.5.0/bin/drawing/canvas/VectorCanvas2D.d.ts": "bdb53a730bba8b2fb9919bfb695438246c5f3b3d113140449aac74f58adc24b6",
    "https://esm.sh/v102/red-agate-svg-canvas@0.5.0/bin/drawing/canvas/WebColor.d.ts": "a039f36bb5aa5b9e2adea502931ca30e9c95bcb427df1636b0d648cec382e6ec",
    "https://esm.sh/v102/red-agate-svg-canvas@0.5.0/bin/index.d.ts": "fab71b27890e69cd7e9fc47c90232a0752d28043997f4fad08d49fae4bac5837",
    "https://esm.sh/v102/red-agate-svg-canvas@0.5.0/deno/red-agate-svg-canvas.js": "f85aaa75f2da0c3f77c318f8f2d3cbed9e469913bcde636645ac46cdc0dd447d",
    "https://esm.sh/v102/red-agate-util@0.5.0/deno/modules/convert/Base64.js": "d805ca5d603b3803400951eb52cac904d5b4133a904b41afbbdd80c691520cc0",
    "https://esm.sh/v102/red-agate-util@0.5.0/deno/modules/convert/Escape.js": "fde2ed78cfdf35a206a69013cb41a9278199cd592cb094318a9b6fd6bf68125b",
    "https://esm.sh/v102/red-agate-util@0.5.0/deno/modules/convert/NumberPrecision.js": "5f99ae5d79ae1d8ac5ba14a910db2af9d61c882e401a05198d2c97c32ab35d5a",
    "https://esm.sh/v102/red-agate-util@0.5.0/deno/modules/convert/TextEncoding.js": "bda303d35334c788ac90a817d3eed663e93abfb0d9be6839f37bbb698f2827f9",
    "https://esm.sh/v102/red-agate-util@0.5.0/deno/modules/convert/WordWrap.js": "80e01fd3f48238ac54a92a8f5c049dd558389ffdccb8a2a27f43340934f0b834"
  }
}
